
Microsoft Visual Studio Solution File, Format Version 12.00
# Visual Studio Version 16
VisualStudioVersion = 16.0.31624.102
MinimumVisualStudioVersion = 10.0.40219.1
Project("{FAE04EC0-301F-11D3-BF4B-00C04F79EFBC}") = "SubathonWPF", "SubathonWPF.csproj", "{1BF619CE-9B58-4777-A7CD-EC29E15A69A0}"
EndProject
Global
	GlobalSection(SolutionConfigurationPlatforms) = preSolution
		Debug|Any CPU = Debug|Any CPU
		Release|Any CPU = Release|Any CPU
	EndGlobalSection
	GlobalSection(ProjectConfigurationPlatforms) = postSolution
		{1BF619CE-9B58-4777-A7CD-EC29E15A69A0}.Debug|Any CPU.ActiveCfg = Debug|Any CPU
		{1BF619CE-9B58-4777-A7CD-EC29E15A69A0}.Debug|Any CPU.Build.0 = Debug|Any CPU
		{1BF619CE-9B58-4777-A7CD-EC29E15A69A0}.Release|Any CPU.ActiveCfg = Release|Any CPU
		{1BF619CE-9B58-4777-A7CD-EC29E15A69A0}.Release|Any CPU.Build.0 = Release|Any CPU
	EndGlobalSection
	GlobalSection(SolutionProperties) = preSolution
		HideSolutionNode = FALSE
	EndGlobalSection
	GlobalSection(ExtensibilityGlobals) = postSolution
		SolutionGuid = {D1EA14F3-AD6D-4AF1-9892-4BFE2788DACD}
	EndGlobalSection
EndGlobal
